// !$*UTF8*$!
{
	archiveVersion = 1;
	classes = {
	};
	objectVersion = 50;
	objects = {

/* Begin PBXBuildFile section */
		21BEFF198537FE9E1BBAE72E /* Pods_VoltLinesExercise.framework in Frameworks */ = {isa = PBXBuildFile; fileRef = 43C6146F422826929D3AA772 /* Pods_VoltLinesExercise.framework */; };
		9543E7C28EFBA3E3602FB590 /* Pods_VoltLinesExerciseUITests.framework in Frameworks */ = {isa = PBXBuildFile; fileRef = D1631B5FF507C9043397ABD7 /* Pods_VoltLinesExerciseUITests.framework */; };
		AF9F37C120B8630A005A07FB /* AppDelegate.swift in Sources */ = {isa = PBXBuildFile; fileRef = AF9F37C020B8630A005A07FB /* AppDelegate.swift */; };
		AF9F37C320B8630A005A07FB /* ViewController.swift in Sources */ = {isa = PBXBuildFile; fileRef = AF9F37C220B8630A005A07FB /* ViewController.swift */; };
		AF9F37C620B8630A005A07FB /* Main.storyboard in Resources */ = {isa = PBXBuildFile; fileRef = AF9F37C420B8630A005A07FB /* Main.storyboard */; };
		AF9F37C820B8630C005A07FB /* Assets.xcassets in Resources */ = {isa = PBXBuildFile; fileRef = AF9F37C720B8630C005A07FB /* Assets.xcassets */; };
		AF9F37CB20B8630C005A07FB /* LaunchScreen.storyboard in Resources */ = {isa = PBXBuildFile; fileRef = AF9F37C920B8630C005A07FB /* LaunchScreen.storyboard */; };
		AF9F37D620B8630C005A07FB /* VoltLinesExerciseTests.swift in Sources */ = {isa = PBXBuildFile; fileRef = AF9F37D520B8630C005A07FB /* VoltLinesExerciseTests.swift */; };
		AF9F37E120B8630C005A07FB /* VoltLinesExerciseUITests.swift in Sources */ = {isa = PBXBuildFile; fileRef = AF9F37E020B8630C005A07FB /* VoltLinesExerciseUITests.swift */; };
		AF9F37F520B8C26B005A07FB /* TrafiAPI.swift in Sources */ = {isa = PBXBuildFile; fileRef = AF9F37F420B8C26B005A07FB /* TrafiAPI.swift */; };
		AFB9C22E20BAFB850084083D /* TrafiAPIManager.swift in Sources */ = {isa = PBXBuildFile; fileRef = AFB9C22D20BAFB840084083D /* TrafiAPIManager.swift */; };
		AFB9C23220BAFBA00084083D /* Coordinate.swift in Sources */ = {isa = PBXBuildFile; fileRef = AFB9C23020BAFB9F0084083D /* Coordinate.swift */; };
		AFB9C23320BAFBA00084083D /* Stop.swift in Sources */ = {isa = PBXBuildFile; fileRef = AFB9C23120BAFB9F0084083D /* Stop.swift */; };
		AFB9C23E20BB5FB00084083D /* MarkerViewModel.swift in Sources */ = {isa = PBXBuildFile; fileRef = AFB9C23C20BB5FB00084083D /* MarkerViewModel.swift */; };
		AFB9C23F20BB5FB00084083D /* MarkerListViewModel.swift in Sources */ = {isa = PBXBuildFile; fileRef = AFB9C23D20BB5FB00084083D /* MarkerListViewModel.swift */; };
		AFB9C24120BB8DD00084083D /* Utilities.swift in Sources */ = {isa = PBXBuildFile; fileRef = AFB9C24020BB8DD00084083D /* Utilities.swift */; };
		AFB9C24320BCED6F0084083D /* MarkerTooltipViewModel.swift in Sources */ = {isa = PBXBuildFile; fileRef = AFB9C24220BCED6F0084083D /* MarkerTooltipViewModel.swift */; };
		AFB9C24520BCFAB30084083D /* StopScheduleViewModel.swift in Sources */ = {isa = PBXBuildFile; fileRef = AFB9C24420BCFAB30084083D /* StopScheduleViewModel.swift */; };
		AFB9C24720BD00180084083D /* StopTooltip.swift in Sources */ = {isa = PBXBuildFile; fileRef = AFB9C24620BD00180084083D /* StopTooltip.swift */; };
		AFB9C24920BD08870084083D /* StopSchedule.swift in Sources */ = {isa = PBXBuildFile; fileRef = AFB9C24820BD08870084083D /* StopSchedule.swift */; };
		AFB9C24B20BD091E0084083D /* Departure.swift in Sources */ = {isa = PBXBuildFile; fileRef = AFB9C24A20BD091E0084083D /* Departure.swift */; };
		AFB9C24D20BD18730084083D /* MarkerTooltipView.swift in Sources */ = {isa = PBXBuildFile; fileRef = AFB9C24C20BD18730084083D /* MarkerTooltipView.swift */; };
		AFB9C24F20BD58FA0084083D /* StopScheduleView.swift in Sources */ = {isa = PBXBuildFile; fileRef = AFB9C24E20BD58FA0084083D /* StopScheduleView.swift */; };
		AFB9C25320BF82F70084083D /* MarkerTooltipViewController.swift in Sources */ = {isa = PBXBuildFile; fileRef = AFB9C25220BF82F70084083D /* MarkerTooltipViewController.swift */; };
		F98821916435D58E4790E5F5 /* Pods_VoltLinesExerciseTests.framework in Frameworks */ = {isa = PBXBuildFile; fileRef = 0733A6EE385ED851F1E43A26 /* Pods_VoltLinesExerciseTests.framework */; };
/* End PBXBuildFile section */

/* Begin PBXContainerItemProxy section */
		AF9F37D220B8630C005A07FB /* PBXContainerItemProxy */ = {
			isa = PBXContainerItemProxy;
			containerPortal = AF9F37B520B8630A005A07FB /* Project object */;
			proxyType = 1;
			remoteGlobalIDString = AF9F37BC20B8630A005A07FB;
			remoteInfo = VoltLinesExercise;
		};
		AF9F37DD20B8630C005A07FB /* PBXContainerItemProxy */ = {
			isa = PBXContainerItemProxy;
			containerPortal = AF9F37B520B8630A005A07FB /* Project object */;
			proxyType = 1;
			remoteGlobalIDString = AF9F37BC20B8630A005A07FB;
			remoteInfo = VoltLinesExercise;
		};
/* End PBXContainerItemProxy section */

/* Begin PBXFileReference section */
		0733A6EE385ED851F1E43A26 /* Pods_VoltLinesExerciseTests.framework */ = {isa = PBXFileReference; explicitFileType = wrapper.framework; includeInIndex = 0; path = Pods_VoltLinesExerciseTests.framework; sourceTree = BUILT_PRODUCTS_DIR; };
		40C53D6E38F54F4A23FBB422 /* Pods-VoltLinesExerciseTests.debug.xcconfig */ = {isa = PBXFileReference; includeInIndex = 1; lastKnownFileType = text.xcconfig; name = "Pods-VoltLinesExerciseTests.debug.xcconfig"; path = "Pods/Target Support Files/Pods-VoltLinesExerciseTests/Pods-VoltLinesExerciseTests.debug.xcconfig"; sourceTree = "<group>"; };
		43C6146F422826929D3AA772 /* Pods_VoltLinesExercise.framework */ = {isa = PBXFileReference; explicitFileType = wrapper.framework; includeInIndex = 0; path = Pods_VoltLinesExercise.framework; sourceTree = BUILT_PRODUCTS_DIR; };
		59D21CD0D304AD9A639DE63F /* Pods-VoltLinesExercise.debug.xcconfig */ = {isa = PBXFileReference; includeInIndex = 1; lastKnownFileType = text.xcconfig; name = "Pods-VoltLinesExercise.debug.xcconfig"; path = "Pods/Target Support Files/Pods-VoltLinesExercise/Pods-VoltLinesExercise.debug.xcconfig"; sourceTree = "<group>"; };
		78218C606456EF07168D49CB /* Pods-VoltLinesExerciseTests.release.xcconfig */ = {isa = PBXFileReference; includeInIndex = 1; lastKnownFileType = text.xcconfig; name = "Pods-VoltLinesExerciseTests.release.xcconfig"; path = "Pods/Target Support Files/Pods-VoltLinesExerciseTests/Pods-VoltLinesExerciseTests.release.xcconfig"; sourceTree = "<group>"; };
		81409B7BE529A18885AD5A18 /* Pods-VoltLinesExerciseUITests.release.xcconfig */ = {isa = PBXFileReference; includeInIndex = 1; lastKnownFileType = text.xcconfig; name = "Pods-VoltLinesExerciseUITests.release.xcconfig"; path = "Pods/Target Support Files/Pods-VoltLinesExerciseUITests/Pods-VoltLinesExerciseUITests.release.xcconfig"; sourceTree = "<group>"; };
		AF9F37BD20B8630A005A07FB /* VoltLinesExercise.app */ = {isa = PBXFileReference; explicitFileType = wrapper.application; includeInIndex = 0; path = VoltLinesExercise.app; sourceTree = BUILT_PRODUCTS_DIR; };
		AF9F37C020B8630A005A07FB /* AppDelegate.swift */ = {isa = PBXFileReference; lastKnownFileType = sourcecode.swift; path = AppDelegate.swift; sourceTree = "<group>"; };
		AF9F37C220B8630A005A07FB /* ViewController.swift */ = {isa = PBXFileReference; lastKnownFileType = sourcecode.swift; path = ViewController.swift; sourceTree = "<group>"; };
		AF9F37C520B8630A005A07FB /* Base */ = {isa = PBXFileReference; lastKnownFileType = file.storyboard; name = Base; path = Base.lproj/Main.storyboard; sourceTree = "<group>"; };
		AF9F37C720B8630C005A07FB /* Assets.xcassets */ = {isa = PBXFileReference; lastKnownFileType = folder.assetcatalog; path = Assets.xcassets; sourceTree = "<group>"; };
		AF9F37CA20B8630C005A07FB /* Base */ = {isa = PBXFileReference; lastKnownFileType = file.storyboard; name = Base; path = Base.lproj/LaunchScreen.storyboard; sourceTree = "<group>"; };
		AF9F37CC20B8630C005A07FB /* Info.plist */ = {isa = PBXFileReference; lastKnownFileType = text.plist.xml; path = Info.plist; sourceTree = "<group>"; };
		AF9F37D120B8630C005A07FB /* VoltLinesExerciseTests.xctest */ = {isa = PBXFileReference; explicitFileType = wrapper.cfbundle; includeInIndex = 0; path = VoltLinesExerciseTests.xctest; sourceTree = BUILT_PRODUCTS_DIR; };
		AF9F37D520B8630C005A07FB /* VoltLinesExerciseTests.swift */ = {isa = PBXFileReference; lastKnownFileType = sourcecode.swift; path = VoltLinesExerciseTests.swift; sourceTree = "<group>"; };
		AF9F37D720B8630C005A07FB /* Info.plist */ = {isa = PBXFileReference; lastKnownFileType = text.plist.xml; path = Info.plist; sourceTree = "<group>"; };
		AF9F37DC20B8630C005A07FB /* VoltLinesExerciseUITests.xctest */ = {isa = PBXFileReference; explicitFileType = wrapper.cfbundle; includeInIndex = 0; path = VoltLinesExerciseUITests.xctest; sourceTree = BUILT_PRODUCTS_DIR; };
		AF9F37E020B8630C005A07FB /* VoltLinesExerciseUITests.swift */ = {isa = PBXFileReference; lastKnownFileType = sourcecode.swift; path = VoltLinesExerciseUITests.swift; sourceTree = "<group>"; };
		AF9F37E220B8630C005A07FB /* Info.plist */ = {isa = PBXFileReference; lastKnownFileType = text.plist.xml; path = Info.plist; sourceTree = "<group>"; };
		AF9F37F420B8C26B005A07FB /* TrafiAPI.swift */ = {isa = PBXFileReference; lastKnownFileType = sourcecode.swift; path = TrafiAPI.swift; sourceTree = "<group>"; };
		AFAEC90F85BF7E13DEC4B5EA /* Pods-VoltLinesExerciseUITests.debug.xcconfig */ = {isa = PBXFileReference; includeInIndex = 1; lastKnownFileType = text.xcconfig; name = "Pods-VoltLinesExerciseUITests.debug.xcconfig"; path = "Pods/Target Support Files/Pods-VoltLinesExerciseUITests/Pods-VoltLinesExerciseUITests.debug.xcconfig"; sourceTree = "<group>"; };
		AFB9C22D20BAFB840084083D /* TrafiAPIManager.swift */ = {isa = PBXFileReference; fileEncoding = 4; lastKnownFileType = sourcecode.swift; path = TrafiAPIManager.swift; sourceTree = "<group>"; };
		AFB9C23020BAFB9F0084083D /* Coordinate.swift */ = {isa = PBXFileReference; fileEncoding = 4; lastKnownFileType = sourcecode.swift; path = Coordinate.swift; sourceTree = "<group>"; };
		AFB9C23120BAFB9F0084083D /* Stop.swift */ = {isa = PBXFileReference; fileEncoding = 4; lastKnownFileType = sourcecode.swift; path = Stop.swift; sourceTree = "<group>"; };
		AFB9C23C20BB5FB00084083D /* MarkerViewModel.swift */ = {isa = PBXFileReference; fileEncoding = 4; lastKnownFileType = sourcecode.swift; path = MarkerViewModel.swift; sourceTree = "<group>"; };
		AFB9C23D20BB5FB00084083D /* MarkerListViewModel.swift */ = {isa = PBXFileReference; fileEncoding = 4; lastKnownFileType = sourcecode.swift; path = MarkerListViewModel.swift; sourceTree = "<group>"; };
		AFB9C24020BB8DD00084083D /* Utilities.swift */ = {isa = PBXFileReference; lastKnownFileType = sourcecode.swift; path = Utilities.swift; sourceTree = "<group>"; };
		AFB9C24220BCED6F0084083D /* MarkerTooltipViewModel.swift */ = {isa = PBXFileReference; lastKnownFileType = sourcecode.swift; path = MarkerTooltipViewModel.swift; sourceTree = "<group>"; };
		AFB9C24420BCFAB30084083D /* StopScheduleViewModel.swift */ = {isa = PBXFileReference; lastKnownFileType = sourcecode.swift; path = StopScheduleViewModel.swift; sourceTree = "<group>"; };
		AFB9C24620BD00180084083D /* StopTooltip.swift */ = {isa = PBXFileReference; lastKnownFileType = sourcecode.swift; path = StopTooltip.swift; sourceTree = "<group>"; };
		AFB9C24820BD08870084083D /* StopSchedule.swift */ = {isa = PBXFileReference; lastKnownFileType = sourcecode.swift; path = StopSchedule.swift; sourceTree = "<group>"; };
		AFB9C24A20BD091E0084083D /* Departure.swift */ = {isa = PBXFileReference; lastKnownFileType = sourcecode.swift; path = Departure.swift; sourceTree = "<group>"; };
		AFB9C24C20BD18730084083D /* MarkerTooltipView.swift */ = {isa = PBXFileReference; lastKnownFileType = sourcecode.swift; path = MarkerTooltipView.swift; sourceTree = "<group>"; };
		AFB9C24E20BD58FA0084083D /* StopScheduleView.swift */ = {isa = PBXFileReference; lastKnownFileType = sourcecode.swift; path = StopScheduleView.swift; sourceTree = "<group>"; };
		AFB9C25220BF82F70084083D /* MarkerTooltipViewController.swift */ = {isa = PBXFileReference; lastKnownFileType = sourcecode.swift; path = MarkerTooltipViewController.swift; sourceTree = "<group>"; };
		D1631B5FF507C9043397ABD7 /* Pods_VoltLinesExerciseUITests.framework */ = {isa = PBXFileReference; explicitFileType = wrapper.framework; includeInIndex = 0; path = Pods_VoltLinesExerciseUITests.framework; sourceTree = BUILT_PRODUCTS_DIR; };
		F26F8FA189673A115E61069B /* Pods-VoltLinesExercise.release.xcconfig */ = {isa = PBXFileReference; includeInIndex = 1; lastKnownFileType = text.xcconfig; name = "Pods-VoltLinesExercise.release.xcconfig"; path = "Pods/Target Support Files/Pods-VoltLinesExercise/Pods-VoltLinesExercise.release.xcconfig"; sourceTree = "<group>"; };
/* End PBXFileReference section */

/* Begin PBXFrameworksBuildPhase section */
		AF9F37BA20B8630A005A07FB /* Frameworks */ = {
			isa = PBXFrameworksBuildPhase;
			buildActionMask = 2147483647;
			files = (
				21BEFF198537FE9E1BBAE72E /* Pods_VoltLinesExercise.framework in Frameworks */,
			);
			runOnlyForDeploymentPostprocessing = 0;
		};
		AF9F37CE20B8630C005A07FB /* Frameworks */ = {
			isa = PBXFrameworksBuildPhase;
			buildActionMask = 2147483647;
			files = (
				F98821916435D58E4790E5F5 /* Pods_VoltLinesExerciseTests.framework in Frameworks */,
			);
			runOnlyForDeploymentPostprocessing = 0;
		};
		AF9F37D920B8630C005A07FB /* Frameworks */ = {
			isa = PBXFrameworksBuildPhase;
			buildActionMask = 2147483647;
			files = (
				9543E7C28EFBA3E3602FB590 /* Pods_VoltLinesExerciseUITests.framework in Frameworks */,
			);
			runOnlyForDeploymentPostprocessing = 0;
		};
/* End PBXFrameworksBuildPhase section */

/* Begin PBXGroup section */
		348F679D8A1FE0E18DA14F9E /* Pods */ = {
			isa = PBXGroup;
			children = (
				59D21CD0D304AD9A639DE63F /* Pods-VoltLinesExercise.debug.xcconfig */,
				F26F8FA189673A115E61069B /* Pods-VoltLinesExercise.release.xcconfig */,
				40C53D6E38F54F4A23FBB422 /* Pods-VoltLinesExerciseTests.debug.xcconfig */,
				78218C606456EF07168D49CB /* Pods-VoltLinesExerciseTests.release.xcconfig */,
				AFAEC90F85BF7E13DEC4B5EA /* Pods-VoltLinesExerciseUITests.debug.xcconfig */,
				81409B7BE529A18885AD5A18 /* Pods-VoltLinesExerciseUITests.release.xcconfig */,
			);
			name = Pods;
			sourceTree = "<group>";
		};
		43243B2D49FFE80E76ABEDBB /* Frameworks */ = {
			isa = PBXGroup;
			children = (
				43C6146F422826929D3AA772 /* Pods_VoltLinesExercise.framework */,
				0733A6EE385ED851F1E43A26 /* Pods_VoltLinesExerciseTests.framework */,
				D1631B5FF507C9043397ABD7 /* Pods_VoltLinesExerciseUITests.framework */,
			);
			name = Frameworks;
			sourceTree = "<group>";
		};
		AF9F37B420B8630A005A07FB = {
			isa = PBXGroup;
			children = (
				AF9F37BF20B8630A005A07FB /* VoltLinesExercise */,
				AF9F37D420B8630C005A07FB /* VoltLinesExerciseTests */,
				AF9F37DF20B8630C005A07FB /* VoltLinesExerciseUITests */,
				AF9F37BE20B8630A005A07FB /* Products */,
				348F679D8A1FE0E18DA14F9E /* Pods */,
				43243B2D49FFE80E76ABEDBB /* Frameworks */,
			);
			sourceTree = "<group>";
		};
		AF9F37BE20B8630A005A07FB /* Products */ = {
			isa = PBXGroup;
			children = (
				AF9F37BD20B8630A005A07FB /* VoltLinesExercise.app */,
				AF9F37D120B8630C005A07FB /* VoltLinesExerciseTests.xctest */,
				AF9F37DC20B8630C005A07FB /* VoltLinesExerciseUITests.xctest */,
			);
			name = Products;
			sourceTree = "<group>";
		};
		AF9F37BF20B8630A005A07FB /* VoltLinesExercise */ = {
			isa = PBXGroup;
			children = (
				AF9F37F320B8C211005A07FB /* Utilities */,
				AFB9C22F20BAFB9F0084083D /* Model */,
				AFB9C23B20BB5FB00084083D /* ViewModel */,
				AFB9C23520BB19BF0084083D /* Controller */,
				AFB9C23420BB19B20084083D /* View */,
				AF9F37C020B8630A005A07FB /* AppDelegate.swift */,
				AF9F37C720B8630C005A07FB /* Assets.xcassets */,
				AF9F37CC20B8630C005A07FB /* Info.plist */,
			);
			path = VoltLinesExercise;
			sourceTree = "<group>";
		};
		AF9F37D420B8630C005A07FB /* VoltLinesExerciseTests */ = {
			isa = PBXGroup;
			children = (
				AF9F37D520B8630C005A07FB /* VoltLinesExerciseTests.swift */,
				AF9F37D720B8630C005A07FB /* Info.plist */,
			);
			path = VoltLinesExerciseTests;
			sourceTree = "<group>";
		};
		AF9F37DF20B8630C005A07FB /* VoltLinesExerciseUITests */ = {
			isa = PBXGroup;
			children = (
				AF9F37E020B8630C005A07FB /* VoltLinesExerciseUITests.swift */,
				AF9F37E220B8630C005A07FB /* Info.plist */,
			);
			path = VoltLinesExerciseUITests;
			sourceTree = "<group>";
		};
		AF9F37F320B8C211005A07FB /* Utilities */ = {
			isa = PBXGroup;
			children = (
				AFB9C22D20BAFB840084083D /* TrafiAPIManager.swift */,
				AF9F37F420B8C26B005A07FB /* TrafiAPI.swift */,
				AFB9C24020BB8DD00084083D /* Utilities.swift */,
			);
			path = Utilities;
			sourceTree = "<group>";
		};
		AFB9C22F20BAFB9F0084083D /* Model */ = {
			isa = PBXGroup;
			children = (
				AFB9C23020BAFB9F0084083D /* Coordinate.swift */,
				AFB9C23120BAFB9F0084083D /* Stop.swift */,
				AFB9C24620BD00180084083D /* StopTooltip.swift */,
				AFB9C24820BD08870084083D /* StopSchedule.swift */,
				AFB9C24A20BD091E0084083D /* Departure.swift */,
			);
			path = Model;
			sourceTree = "<group>";
		};
		AFB9C23420BB19B20084083D /* View */ = {
			isa = PBXGroup;
			children = (
				AF9F37C420B8630A005A07FB /* Main.storyboard */,
				AF9F37C920B8630C005A07FB /* LaunchScreen.storyboard */,
				AFB9C24C20BD18730084083D /* MarkerTooltipView.swift */,
				AFB9C24E20BD58FA0084083D /* StopScheduleView.swift */,
			);
			path = View;
			sourceTree = "<group>";
		};
		AFB9C23520BB19BF0084083D /* Controller */ = {
			isa = PBXGroup;
			children = (
				AF9F37C220B8630A005A07FB /* ViewController.swift */,
				AFB9C25220BF82F70084083D /* MarkerTooltipViewController.swift */,
			);
			path = Controller;
			sourceTree = "<group>";
		};
		AFB9C23B20BB5FB00084083D /* ViewModel */ = {
			isa = PBXGroup;
			children = (
				AFB9C23D20BB5FB00084083D /* MarkerListViewModel.swift */,
				AFB9C23C20BB5FB00084083D /* MarkerViewModel.swift */,
				AFB9C24220BCED6F0084083D /* MarkerTooltipViewModel.swift */,
				AFB9C24420BCFAB30084083D /* StopScheduleViewModel.swift */,
			);
			path = ViewModel;
			sourceTree = "<group>";
		};
/* End PBXGroup section */

/* Begin PBXNativeTarget section */
		AF9F37BC20B8630A005A07FB /* VoltLinesExercise */ = {
			isa = PBXNativeTarget;
			buildConfigurationList = AF9F37E520B8630C005A07FB /* Build configuration list for PBXNativeTarget "VoltLinesExercise" */;
			buildPhases = (
				006CE89B845FDC87E70F59A9 /* [CP] Check Pods Manifest.lock */,
				AF9F37B920B8630A005A07FB /* Sources */,
				AF9F37BA20B8630A005A07FB /* Frameworks */,
				AF9F37BB20B8630A005A07FB /* Resources */,
				DBD1CB914B3E906261B0C5E8 /* [CP] Copy Pods Resources */,
				B2E769D72C778A7AE96AB774 /* [CP] Embed Pods Frameworks */,
			);
			buildRules = (
			);
			dependencies = (
			);
			name = VoltLinesExercise;
			productName = VoltLinesExercise;
			productReference = AF9F37BD20B8630A005A07FB /* VoltLinesExercise.app */;
			productType = "com.apple.product-type.application";
		};
		AF9F37D020B8630C005A07FB /* VoltLinesExerciseTests */ = {
			isa = PBXNativeTarget;
			buildConfigurationList = AF9F37E820B8630C005A07FB /* Build configuration list for PBXNativeTarget "VoltLinesExerciseTests" */;
			buildPhases = (
				A85F4C9BEB91146DA11326A5 /* [CP] Check Pods Manifest.lock */,
				AF9F37CD20B8630C005A07FB /* Sources */,
				AF9F37CE20B8630C005A07FB /* Frameworks */,
				AF9F37CF20B8630C005A07FB /* Resources */,
			);
			buildRules = (
			);
			dependencies = (
				AF9F37D320B8630C005A07FB /* PBXTargetDependency */,
			);
			name = VoltLinesExerciseTests;
			productName = VoltLinesExerciseTests;
			productReference = AF9F37D120B8630C005A07FB /* VoltLinesExerciseTests.xctest */;
			productType = "com.apple.product-type.bundle.unit-test";
		};
		AF9F37DB20B8630C005A07FB /* VoltLinesExerciseUITests */ = {
			isa = PBXNativeTarget;
			buildConfigurationList = AF9F37EB20B8630C005A07FB /* Build configuration list for PBXNativeTarget "VoltLinesExerciseUITests" */;
			buildPhases = (
				D7EC76CD2A6CDBDF094236AF /* [CP] Check Pods Manifest.lock */,
				AF9F37D820B8630C005A07FB /* Sources */,
				AF9F37D920B8630C005A07FB /* Frameworks */,
				AF9F37DA20B8630C005A07FB /* Resources */,
			);
			buildRules = (
			);
			dependencies = (
				AF9F37DE20B8630C005A07FB /* PBXTargetDependency */,
			);
			name = VoltLinesExerciseUITests;
			productName = VoltLinesExerciseUITests;
			productReference = AF9F37DC20B8630C005A07FB /* VoltLinesExerciseUITests.xctest */;
			productType = "com.apple.product-type.bundle.ui-testing";
		};
/* End PBXNativeTarget section */

/* Begin PBXProject section */
		AF9F37B520B8630A005A07FB /* Project object */ = {
			isa = PBXProject;
			attributes = {
				LastSwiftUpdateCheck = 0930;
				LastUpgradeCheck = 0930;
				ORGANIZATIONNAME = "Alaa Al-Zaibak";
				TargetAttributes = {
					AF9F37BC20B8630A005A07FB = {
						CreatedOnToolsVersion = 9.3.1;
					};
					AF9F37D020B8630C005A07FB = {
						CreatedOnToolsVersion = 9.3.1;
						TestTargetID = AF9F37BC20B8630A005A07FB;
					};
					AF9F37DB20B8630C005A07FB = {
						CreatedOnToolsVersion = 9.3.1;
						TestTargetID = AF9F37BC20B8630A005A07FB;
					};
				};
			};
			buildConfigurationList = AF9F37B820B8630A005A07FB /* Build configuration list for PBXProject "VoltLinesExercise" */;
			compatibilityVersion = "Xcode 9.3";
			developmentRegion = en;
			hasScannedForEncodings = 0;
			knownRegions = (
				en,
				Base,
			);
			mainGroup = AF9F37B420B8630A005A07FB;
			productRefGroup = AF9F37BE20B8630A005A07FB /* Products */;
			projectDirPath = "";
			projectRoot = "";
			targets = (
				AF9F37BC20B8630A005A07FB /* VoltLinesExercise */,
				AF9F37D020B8630C005A07FB /* VoltLinesExerciseTests */,
				AF9F37DB20B8630C005A07FB /* VoltLinesExerciseUITests */,
			);
		};
/* End PBXProject section */

/* Begin PBXResourcesBuildPhase section */
		AF9F37BB20B8630A005A07FB /* Resources */ = {
			isa = PBXResourcesBuildPhase;
			buildActionMask = 2147483647;
			files = (
				AF9F37CB20B8630C005A07FB /* LaunchScreen.storyboard in Resources */,
				AF9F37C820B8630C005A07FB /* Assets.xcassets in Resources */,
				AF9F37C620B8630A005A07FB /* Main.storyboard in Resources */,
			);
			runOnlyForDeploymentPostprocessing = 0;
		};
		AF9F37CF20B8630C005A07FB /* Resources */ = {
			isa = PBXResourcesBuildPhase;
			buildActionMask = 2147483647;
			files = (
			);
			runOnlyForDeploymentPostprocessing = 0;
		};
		AF9F37DA20B8630C005A07FB /* Resources */ = {
			isa = PBXResourcesBuildPhase;
			buildActionMask = 2147483647;
			files = (
			);
			runOnlyForDeploymentPostprocessing = 0;
		};
/* End PBXResourcesBuildPhase section */

/* Begin PBXShellScriptBuildPhase section */
		006CE89B845FDC87E70F59A9 /* [CP] Check Pods Manifest.lock */ = {
			isa = PBXShellScriptBuildPhase;
			buildActionMask = 2147483647;
			files = (
			);
			inputPaths = (
				"${PODS_PODFILE_DIR_PATH}/Podfile.lock",
				"${PODS_ROOT}/Manifest.lock",
			);
			name = "[CP] Check Pods Manifest.lock";
			outputPaths = (
				"$(DERIVED_FILE_DIR)/Pods-VoltLinesExercise-checkManifestLockResult.txt",
			);
			runOnlyForDeploymentPostprocessing = 0;
			shellPath = /bin/sh;
			shellScript = "diff \"${PODS_PODFILE_DIR_PATH}/Podfile.lock\" \"${PODS_ROOT}/Manifest.lock\" > /dev/null\nif [ $? != 0 ] ; then\n    # print error to STDERR\n    echo \"error: The sandbox is not in sync with the Podfile.lock. Run 'pod install' or update your CocoaPods installation.\" >&2\n    exit 1\nfi\n# This output is used by Xcode 'outputs' to avoid re-running this script phase.\necho \"SUCCESS\" > \"${SCRIPT_OUTPUT_FILE_0}\"\n";
			showEnvVarsInLog = 0;
		};
		A85F4C9BEB91146DA11326A5 /* [CP] Check Pods Manifest.lock */ = {
			isa = PBXShellScriptBuildPhase;
			buildActionMask = 2147483647;
			files = (
			);
			inputPaths = (
				"${PODS_PODFILE_DIR_PATH}/Podfile.lock",
				"${PODS_ROOT}/Manifest.lock",
			);
			name = "[CP] Check Pods Manifest.lock";
			outputPaths = (
				"$(DERIVED_FILE_DIR)/Pods-VoltLinesExerciseTests-checkManifestLockResult.txt",
			);
			runOnlyForDeploymentPostprocessing = 0;
			shellPath = /bin/sh;
			shellScript = "diff \"${PODS_PODFILE_DIR_PATH}/Podfile.lock\" \"${PODS_ROOT}/Manifest.lock\" > /dev/null\nif [ $? != 0 ] ; then\n    # print error to STDERR\n    echo \"error: The sandbox is not in sync with the Podfile.lock. Run 'pod install' or update your CocoaPods installation.\" >&2\n    exit 1\nfi\n# This output is used by Xcode 'outputs' to avoid re-running this script phase.\necho \"SUCCESS\" > \"${SCRIPT_OUTPUT_FILE_0}\"\n";
			showEnvVarsInLog = 0;
		};
		B2E769D72C778A7AE96AB774 /* [CP] Embed Pods Frameworks */ = {
			isa = PBXShellScriptBuildPhase;
			buildActionMask = 2147483647;
			files = (
			);
			inputPaths = (
				"${SRCROOT}/Pods/Target Support Files/Pods-VoltLinesExercise/Pods-VoltLinesExercise-frameworks.sh",
				"${BUILT_PRODUCTS_DIR}/Alamofire/Alamofire.framework",
				"${BUILT_PRODUCTS_DIR}/Moya/Moya.framework",
				"${BUILT_PRODUCTS_DIR}/PullUpController/PullUpController.framework",
				"${BUILT_PRODUCTS_DIR}/Result/Result.framework",
				"${BUILT_PRODUCTS_DIR}/SnapKit/SnapKit.framework",
			);
			name = "[CP] Embed Pods Frameworks";
			outputPaths = (
				"${TARGET_BUILD_DIR}/${FRAMEWORKS_FOLDER_PATH}/Alamofire.framework",
				"${TARGET_BUILD_DIR}/${FRAMEWORKS_FOLDER_PATH}/Moya.framework",
				"${TARGET_BUILD_DIR}/${FRAMEWORKS_FOLDER_PATH}/PullUpController.framework",
				"${TARGET_BUILD_DIR}/${FRAMEWORKS_FOLDER_PATH}/Result.framework",
				"${TARGET_BUILD_DIR}/${FRAMEWORKS_FOLDER_PATH}/SnapKit.framework",
			);
			runOnlyForDeploymentPostprocessing = 0;
			shellPath = /bin/sh;
			shellScript = "\"${SRCROOT}/Pods/Target Support Files/Pods-VoltLinesExercise/Pods-VoltLinesExercise-frameworks.sh\"\n";
			showEnvVarsInLog = 0;
		};
		D7EC76CD2A6CDBDF094236AF /* [CP] Check Pods Manifest.lock */ = {
			isa = PBXShellScriptBuildPhase;
			buildActionMask = 2147483647;
			files = (
			);
			inputPaths = (
				"${PODS_PODFILE_DIR_PATH}/Podfile.lock",
				"${PODS_ROOT}/Manifest.lock",
			);
			name = "[CP] Check Pods Manifest.lock";
			outputPaths = (
				"$(DERIVED_FILE_DIR)/Pods-VoltLinesExerciseUITests-checkManifestLockResult.txt",
			);
			runOnlyForDeploymentPostprocessing = 0;
			shellPath = /bin/sh;
			shellScript = "diff \"${PODS_PODFILE_DIR_PATH}/Podfile.lock\" \"${PODS_ROOT}/Manifest.lock\" > /dev/null\nif [ $? != 0 ] ; then\n    # print error to STDERR\n    echo \"error: The sandbox is not in sync with the Podfile.lock. Run 'pod install' or update your CocoaPods installation.\" >&2\n    exit 1\nfi\n# This output is used by Xcode 'outputs' to avoid re-running this script phase.\necho \"SUCCESS\" > \"${SCRIPT_OUTPUT_FILE_0}\"\n";
			showEnvVarsInLog = 0;
		};
		DBD1CB914B3E906261B0C5E8 /* [CP] Copy Pods Resources */ = {
			isa = PBXShellScriptBuildPhase;
			buildActionMask = 2147483647;
			files = (
			);
			inputPaths = (
				"${SRCROOT}/Pods/Target Support Files/Pods-VoltLinesExercise/Pods-VoltLinesExercise-resources.sh",
				"${PODS_ROOT}/GoogleMaps/Maps/Frameworks/GoogleMaps.framework/Resources/GoogleMaps.bundle",
			);
			name = "[CP] Copy Pods Resources";
			outputPaths = (
				"${TARGET_BUILD_DIR}/${UNLOCALIZED_RESOURCES_FOLDER_PATH}/GoogleMaps.bundle",
			);
			runOnlyForDeploymentPostprocessing = 0;
			shellPath = /bin/sh;
			shellScript = "\"${SRCROOT}/Pods/Target Support Files/Pods-VoltLinesExercise/Pods-VoltLinesExercise-resources.sh\"\n";
			showEnvVarsInLog = 0;
		};
/* End PBXShellScriptBuildPhase section */

/* Begin PBXSourcesBuildPhase section */
		AF9F37B920B8630A005A07FB /* Sources */ = {
			isa = PBXSourcesBuildPhase;
			buildActionMask = 2147483647;
			files = (
				AF9F37C320B8630A005A07FB /* ViewController.swift in Sources */,
				AFB9C25320BF82F70084083D /* MarkerTooltipViewController.swift in Sources */,
				AFB9C24920BD08870084083D /* StopSchedule.swift in Sources */,
				AF9F37C120B8630A005A07FB /* AppDelegate.swift in Sources */,
				AFB9C23E20BB5FB00084083D /* MarkerViewModel.swift in Sources */,
				AF9F37F520B8C26B005A07FB /* TrafiAPI.swift in Sources */,
				AFB9C22E20BAFB850084083D /* TrafiAPIManager.swift in Sources */,
				AFB9C24720BD00180084083D /* StopTooltip.swift in Sources */,
				AFB9C23220BAFBA00084083D /* Coordinate.swift in Sources */,
				AFB9C24320BCED6F0084083D /* MarkerTooltipViewModel.swift in Sources */,
				AFB9C24120BB8DD00084083D /* Utilities.swift in Sources */,
				AFB9C24D20BD18730084083D /* MarkerTooltipView.swift in Sources */,
				AFB9C24B20BD091E0084083D /* Departure.swift in Sources */,
				AFB9C23F20BB5FB00084083D /* MarkerListViewModel.swift in Sources */,
				AFB9C23320BAFBA00084083D /* Stop.swift in Sources */,
				AFB9C24F20BD58FA0084083D /* StopScheduleView.swift in Sources */,
				AFB9C24520BCFAB30084083D /* StopScheduleViewModel.swift in Sources */,
			);
			runOnlyForDeploymentPostprocessing = 0;
		};
		AF9F37CD20B8630C005A07FB /* Sources */ = {
			isa = PBXSourcesBuildPhase;
			buildActionMask = 2147483647;
			files = (
				AF9F37D620B8630C005A07FB /* VoltLinesExerciseTests.swift in Sources */,
			);
			runOnlyForDeploymentPostprocessing = 0;
		};
		AF9F37D820B8630C005A07FB /* Sources */ = {
			isa = PBXSourcesBuildPhase;
			buildActionMask = 2147483647;
			files = (
				AF9F37E120B8630C005A07FB /* VoltLinesExerciseUITests.swift in Sources */,
			);
			runOnlyForDeploymentPostprocessing = 0;
		};
/* End PBXSourcesBuildPhase section */

/* Begin PBXTargetDependency section */
		AF9F37D320B8630C005A07FB /* PBXTargetDependency */ = {
			isa = PBXTargetDependency;
			target = AF9F37BC20B8630A005A07FB /* VoltLinesExercise */;
			targetProxy = AF9F37D220B8630C005A07FB /* PBXContainerItemProxy */;
		};
		AF9F37DE20B8630C005A07FB /* PBXTargetDependency */ = {
			isa = PBXTargetDependency;
			target = AF9F37BC20B8630A005A07FB /* VoltLinesExercise */;
			targetProxy = AF9F37DD20B8630C005A07FB /* PBXContainerItemProxy */;
		};
/* End PBXTargetDependency section */

/* Begin PBXVariantGroup section */
		AF9F37C420B8630A005A07FB /* Main.storyboard */ = {
			isa = PBXVariantGroup;
			children = (
				AF9F37C520B8630A005A07FB /* Base */,
			);
			name = Main.storyboard;
			sourceTree = "<group>";
		};
		AF9F37C920B8630C005A07FB /* LaunchScreen.storyboard */ = {
			isa = PBXVariantGroup;
			children = (
				AF9F37CA20B8630C005A07FB /* Base */,
			);
			name = LaunchScreen.storyboard;
			sourceTree = "<group>";
		};
/* End PBXVariantGroup section */

/* Begin XCBuildConfiguration section */
		AF9F37E320B8630C005A07FB /* Debug */ = {
			isa = XCBuildConfiguration;
			buildSettings = {
				ALWAYS_SEARCH_USER_PATHS = NO;
				CLANG_ANALYZER_NONNULL = YES;
				CLANG_ANALYZER_NUMBER_OBJECT_CONVERSION = YES_AGGRESSIVE;
				CLANG_CXX_LANGUAGE_STANDARD = "gnu++14";
				CLANG_CXX_LIBRARY = "libc++";
				CLANG_ENABLE_MODULES = YES;
				CLANG_ENABLE_OBJC_ARC = YES;
				CLANG_ENABLE_OBJC_WEAK = YES;
				CLANG_WARN_BLOCK_CAPTURE_AUTORELEASING = YES;
				CLANG_WARN_BOOL_CONVERSION = YES;
				CLANG_WARN_COMMA = YES;
				CLANG_WARN_CONSTANT_CONVERSION = YES;
				CLANG_WARN_DEPRECATED_OBJC_IMPLEMENTATIONS = YES;
				CLANG_WARN_DIRECT_OBJC_ISA_USAGE = YES_ERROR;
				CLANG_WARN_DOCUMENTATION_COMMENTS = YES;
				CLANG_WARN_EMPTY_BODY = YES;
				CLANG_WARN_ENUM_CONVERSION = YES;
				CLANG_WARN_INFINITE_RECURSION = YES;
				CLANG_WARN_INT_CONVERSION = YES;
				CLANG_WARN_NON_LITERAL_NULL_CONVERSION = YES;
				CLANG_WARN_OBJC_IMPLICIT_RETAIN_SELF = YES;
				CLANG_WARN_OBJC_LITERAL_CONVERSION = YES;
				CLANG_WARN_OBJC_ROOT_CLASS = YES_ERROR;
				CLANG_WARN_RANGE_LOOP_ANALYSIS = YES;
				CLANG_WARN_STRICT_PROTOTYPES = YES;
				CLANG_WARN_SUSPICIOUS_MOVE = YES;
				CLANG_WARN_UNGUARDED_AVAILABILITY = YES_AGGRESSIVE;
				CLANG_WARN_UNREACHABLE_CODE = YES;
				CLANG_WARN__DUPLICATE_METHOD_MATCH = YES;
				CODE_SIGN_IDENTITY = "iPhone Developer";
				COPY_PHASE_STRIP = NO;
				DEBUG_INFORMATION_FORMAT = dwarf;
				ENABLE_STRICT_OBJC_MSGSEND = YES;
				ENABLE_TESTABILITY = YES;
				GCC_C_LANGUAGE_STANDARD = gnu11;
				GCC_DYNAMIC_NO_PIC = NO;
				GCC_NO_COMMON_BLOCKS = YES;
				GCC_OPTIMIZATION_LEVEL = 0;
				GCC_PREPROCESSOR_DEFINITIONS = (
					"DEBUG=1",
					"$(inherited)",
				);
				GCC_WARN_64_TO_32_BIT_CONVERSION = YES;
				GCC_WARN_ABOUT_RETURN_TYPE = YES_ERROR;
				GCC_WARN_UNDECLARED_SELECTOR = YES;
				GCC_WARN_UNINITIALIZED_AUTOS = YES_AGGRESSIVE;
				GCC_WARN_UNUSED_FUNCTION = YES;
				GCC_WARN_UNUSED_VARIABLE = YES;
				IPHONEOS_DEPLOYMENT_TARGET = 11.3;
				MTL_ENABLE_DEBUG_INFO = YES;
				ONLY_ACTIVE_ARCH = YES;
				SDKROOT = iphoneos;
				SWIFT_ACTIVE_COMPILATION_CONDITIONS = DEBUG;
				SWIFT_OPTIMIZATION_LEVEL = "-Onone";
			};
			name = Debug;
		};
		AF9F37E420B8630C005A07FB /* Release */ = {
			isa = XCBuildConfiguration;
			buildSettings = {
				ALWAYS_SEARCH_USER_PATHS = NO;
				CLANG_ANALYZER_NONNULL = YES;
				CLANG_ANALYZER_NUMBER_OBJECT_CONVERSION = YES_AGGRESSIVE;
				CLANG_CXX_LANGUAGE_STANDARD = "gnu++14";
				CLANG_CXX_LIBRARY = "libc++";
				CLANG_ENABLE_MODULES = YES;
				CLANG_ENABLE_OBJC_ARC = YES;
				CLANG_ENABLE_OBJC_WEAK = YES;
				CLANG_WARN_BLOCK_CAPTURE_AUTORELEASING = YES;
				CLANG_WARN_BOOL_CONVERSION = YES;
				CLANG_WARN_COMMA = YES;
				CLANG_WARN_CONSTANT_CONVERSION = YES;
				CLANG_WARN_DEPRECATED_OBJC_IMPLEMENTATIONS = YES;
				CLANG_WARN_DIRECT_OBJC_ISA_USAGE = YES_ERROR;
				CLANG_WARN_DOCUMENTATION_COMMENTS = YES;
				CLANG_WARN_EMPTY_BODY = YES;
				CLANG_WARN_ENUM_CONVERSION = YES;
				CLANG_WARN_INFINITE_RECURSION = YES;
				CLANG_WARN_INT_CONVERSION = YES;
				CLANG_WARN_NON_LITERAL_NULL_CONVERSION = YES;
				CLANG_WARN_OBJC_IMPLICIT_RETAIN_SELF = YES;
				CLANG_WARN_OBJC_LITERAL_CONVERSION = YES;
				CLANG_WARN_OBJC_ROOT_CLASS = YES_ERROR;
				CLANG_WARN_RANGE_LOOP_ANALYSIS = YES;
				CLANG_WARN_STRICT_PROTOTYPES = YES;
				CLANG_WARN_SUSPICIOUS_MOVE = YES;
				CLANG_WARN_UNGUARDED_AVAILABILITY = YES_AGGRESSIVE;
				CLANG_WARN_UNREACHABLE_CODE = YES;
				CLANG_WARN__DUPLICATE_METHOD_MATCH = YES;
				CODE_SIGN_IDENTITY = "iPhone Developer";
				COPY_PHASE_STRIP = NO;
				DEBUG_INFORMATION_FORMAT = "dwarf-with-dsym";
				ENABLE_NS_ASSERTIONS = NO;
				ENABLE_STRICT_OBJC_MSGSEND = YES;
				GCC_C_LANGUAGE_STANDARD = gnu11;
				GCC_NO_COMMON_BLOCKS = YES;
				GCC_WARN_64_TO_32_BIT_CONVERSION = YES;
				GCC_WARN_ABOUT_RETURN_TYPE = YES_ERROR;
				GCC_WARN_UNDECLARED_SELECTOR = YES;
				GCC_WARN_UNINITIALIZED_AUTOS = YES_AGGRESSIVE;
				GCC_WARN_UNUSED_FUNCTION = YES;
				GCC_WARN_UNUSED_VARIABLE = YES;
				IPHONEOS_DEPLOYMENT_TARGET = 11.3;
				MTL_ENABLE_DEBUG_INFO = NO;
				SDKROOT = iphoneos;
				SWIFT_COMPILATION_MODE = wholemodule;
				SWIFT_OPTIMIZATION_LEVEL = "-O";
				VALIDATE_PRODUCT = YES;
			};
			name = Release;
		};
		AF9F37E620B8630C005A07FB /* Debug */ = {
			isa = XCBuildConfiguration;
			baseConfigurationReference = 59D21CD0D304AD9A639DE63F /* Pods-VoltLinesExercise.debug.xcconfig */;
			buildSettings = {
				ASSETCATALOG_COMPILER_APPICON_NAME = AppIcon;
				CODE_SIGN_STYLE = Automatic;
				DEVELOPMENT_TEAM = 5CYJ78GPXN;
				INFOPLIST_FILE = VoltLinesExercise/Info.plist;
				LD_RUNPATH_SEARCH_PATHS = (
					"$(inherited)",
					"@executable_path/Frameworks",
				);
				PRODUCT_BUNDLE_IDENTIFIER = com.AlaaIte.VoltLinesExercise;
				PRODUCT_NAME = "$(TARGET_NAME)";
				SWIFT_VERSION = 4.0;
				TARGETED_DEVICE_FAMILY = "1,2";
			};
			name = Debug;
		};
		AF9F37E720B8630C005A07FB /* Release */ = {
			isa = XCBuildConfiguration;
			baseConfigurationReference = F26F8FA189673A115E61069B /* Pods-VoltLinesExercise.release.xcconfig */;
			buildSettings = {
				ASSETCATALOG_COMPILER_APPICON_NAME = AppIcon;
				CODE_SIGN_STYLE = Automatic;
				DEVELOPMENT_TEAM = 5CYJ78GPXN;
				INFOPLIST_FILE = VoltLinesExercise/Info.plist;
				LD_RUNPATH_SEARCH_PATHS = (
					"$(inherited)",
					"@executable_path/Frameworks",
				);
				PRODUCT_BUNDLE_IDENTIFIER = com.AlaaIte.VoltLinesExercise;
				PRODUCT_NAME = "$(TARGET_NAME)";
				SWIFT_VERSION = 4.0;
				TARGETED_DEVICE_FAMILY = "1,2";
			};
			name = Release;
		};
		AF9F37E920B8630C005A07FB /* Debug */ = {
			isa = XCBuildConfiguration;
			baseConfigurationReference = 40C53D6E38F54F4A23FBB422 /* Pods-VoltLinesExerciseTests.debug.xcconfig */;
			buildSettings = {
				ALWAYS_EMBED_SWIFT_STANDARD_LIBRARIES = YES;
				BUNDLE_LOADER = "$(TEST_HOST)";
				CODE_SIGN_STYLE = Automatic;
				DEVELOPMENT_TEAM = 5CYJ78GPXN;
				INFOPLIST_FILE = VoltLinesExerciseTests/Info.plist;
				LD_RUNPATH_SEARCH_PATHS = (
					"$(inherited)",
					"@executable_path/Frameworks",
					"@loader_path/Frameworks",
				);
				PRODUCT_BUNDLE_IDENTIFIER = com.AlaaIte.VoltLinesExerciseTests;
				PRODUCT_NAME = "$(TARGET_NAME)";
				SWIFT_VERSION = 4.0;
				TARGETED_DEVICE_FAMILY = "1,2";
				TEST_HOST = "$(BUILT_PRODUCTS_DIR)/VoltLinesExercise.app/VoltLinesExercise";
			};
			name = Debug;
		};
		AF9F37EA20B8630C005A07FB /* Release */ = {
			isa = XCBuildConfiguration;
			baseConfigurationReference = 78218C606456EF07168D49CB /* Pods-VoltLinesExerciseTests.release.xcconfig */;
			buildSettings = {
				ALWAYS_EMBED_SWIFT_STANDARD_LIBRARIES = YES;
				BUNDLE_LOADER = "$(TEST_HOST)";
				CODE_SIGN_STYLE = Automatic;
				DEVELOPMENT_TEAM = 5CYJ78GPXN;
				INFOPLIST_FILE = VoltLinesExerciseTests/Info.plist;
				LD_RUNPATH_SEARCH_PATHS = (
					"$(inherited)",
					"@executable_path/Frameworks",
					"@loader_path/Frameworks",
				);
				PRODUCT_BUNDLE_IDENTIFIER = com.AlaaIte.VoltLinesExerciseTests;
				PRODUCT_NAME = "$(TARGET_NAME)";
				SWIFT_VERSION = 4.0;
				TARGETED_DEVICE_FAMILY = "1,2";
				TEST_HOST = "$(BUILT_PRODUCTS_DIR)/VoltLinesExercise.app/VoltLinesExercise";
			};
			name = Release;
		};
		AF9F37EC20B8630C005A07FB /* Debug */ = {
			isa = XCBuildConfiguration;
			baseConfigurationReference = AFAEC90F85BF7E13DEC4B5EA /* Pods-VoltLinesExerciseUITests.debug.xcconfig */;
			buildSettings = {
				ALWAYS_EMBED_SWIFT_STANDARD_LIBRARIES = YES;
				CODE_SIGN_STYLE = Automatic;
				DEVELOPMENT_TEAM = 5CYJ78GPXN;
				INFOPLIST_FILE = VoltLinesExerciseUITests/Info.plist;
				LD_RUNPATH_SEARCH_PATHS = (
					"$(inherited)",
					"@executable_path/Frameworks",
					"@loader_path/Frameworks",
				);
				PRODUCT_BUNDLE_IDENTIFIER = com.AlaaIte.VoltLinesExerciseUITests;
				PRODUCT_NAME = "$(TARGET_NAME)";
				SWIFT_VERSION = 4.0;
				TARGETED_DEVICE_FAMILY = "1,2";
				TEST_TARGET_NAME = VoltLinesExercise;
			};
			name = Debug;
		};
		AF9F37ED20B8630C005A07FB /* Release */ = {
			isa = XCBuildConfiguration;
			baseConfigurationReference = 81409B7BE529A18885AD5A18 /* Pods-VoltLinesExerciseUITests.release.xcconfig */;
			buildSettings = {
				ALWAYS_EMBED_SWIFT_STANDARD_LIBRARIES = YES;
				CODE_SIGN_STYLE = Automatic;
				DEVELOPMENT_TEAM = 5CYJ78GPXN;
				INFOPLIST_FILE = VoltLinesExerciseUITests/Info.plist;
				LD_RUNPATH_SEARCH_PATHS = (
					"$(inherited)",
					"@executable_path/Frameworks",
					"@loader_path/Frameworks",
				);
				PRODUCT_BUNDLE_IDENTIFIER = com.AlaaIte.VoltLinesExerciseUITests;
				PRODUCT_NAME = "$(TARGET_NAME)";
				SWIFT_VERSION = 4.0;
				TARGETED_DEVICE_FAMILY = "1,2";
				TEST_TARGET_NAME = VoltLinesExercise;
			};
			name = Release;
		};
/* End XCBuildConfiguration section */

/* Begin XCConfigurationList section */
		AF9F37B820B8630A005A07FB /* Build configuration list for PBXProject "VoltLinesExercise" */ = {
			isa = XCConfigurationList;
			buildConfigurations = (
				AF9F37E320B8630C005A07FB /* Debug */,
				AF9F37E420B8630C005A07FB /* Release */,
			);
			defaultConfigurationIsVisible = 0;
			defaultConfigurationName = Release;
		};
		AF9F37E520B8630C005A07FB /* Build configuration list for PBXNativeTarget "VoltLinesExercise" */ = {
			isa = XCConfigurationList;
			buildConfigurations = (
				AF9F37E620B8630C005A07FB /* Debug */,
				AF9F37E720B8630C005A07FB /* Release */,
			);
			defaultConfigurationIsVisible = 0;
			defaultConfigurationName = Release;
		};
		AF9F37E820B8630C005A07FB /* Build configuration list for PBXNativeTarget "VoltLinesExerciseTests" */ = {
			isa = XCConfigurationList;
			buildConfigurations = (
				AF9F37E920B8630C005A07FB /* Debug */,
				AF9F37EA20B8630C005A07FB /* Release */,
			);
			defaultConfigurationIsVisible = 0;
			defaultConfigurationName = Release;
		};
		AF9F37EB20B8630C005A07FB /* Build configuration list for PBXNativeTarget "VoltLinesExerciseUITests" */ = {
			isa = XCConfigurationList;
			buildConfigurations = (
				AF9F37EC20B8630C005A07FB /* Debug */,
				AF9F37ED20B8630C005A07FB /* Release */,
			);
			defaultConfigurationIsVisible = 0;
			defaultConfigurationName = Release;
		};
/* End XCConfigurationList section */
	};
	rootObject = AF9F37B520B8630A005A07FB /* Project object */;
}
